Microsoft Visual Studio Solution File, Format Version 12.00
# Visual Studio Version 17
VisualStudioVersion = 17.5.2.0
MinimumVisualStudioVersion = 10.0.40219.1
Project("{FAE04EC0-301F-11D3-BF4B-00C04F79EFBC}") = "apiprimero", "apiprimero.csproj", "{2287842C-D76F-3B56-8A04-30867C2CF95E}"
EndProject
Global
	GlobalSection(SolutionConfigurationPlatforms) = preSolution
		Debug|Any CPU = Debug|Any CPU
		Release|Any CPU = Release|Any CPU
	EndGlobalSection
	GlobalSection(ProjectConfigurationPlatforms) = postSolution
		{2287842C-D76F-3B56-8A04-30867C2CF95E}.Debug|Any CPU.ActiveCfg = Debug|Any CPU
		{2287842C-D76F-3B56-8A04-30867C2CF95E}.Debug|Any CPU.Build.0 = Debug|Any CPU
		{2287842C-D76F-3B56-8A04-30867C2CF95E}.Release|Any CPU.ActiveCfg = Release|Any CPU
		{2287842C-D76F-3B56-8A04-30867C2CF95E}.Release|Any CPU.Build.0 = Release|Any CPU
	EndGlobalSection
	GlobalSection(SolutionProperties) = preSolution
		HideSolutionNode = FALSE
	EndGlobalSection
	GlobalSection(ExtensibilityGlobals) = postSolution
		SolutionGuid = {E1159D53-ECEF-4823-B6D9-21380C379069}
	EndGlobalSection
EndGlobal
